
Microsoft Visual Studio Solution File, Format Version 12.00
# Visual Studio Version 16
VisualStudioVersion = 16.0.31005.135
MinimumVisualStudioVersion = 10.0.40219.1
Project("{FAE04EC0-301F-11D3-BF4B-00C04F79EFBC}") = "oopUcuncuHaftaOdev", "oopUcuncuHaftaOdev\oopUcuncuHaftaOdev.csproj", "{316C5C76-D2E1-444C-9685-57D8C34D2074}"
EndProject
Global
	GlobalSection(SolutionConfigurationPlatforms) = preSolution
		Debug|Any CPU = Debug|Any CPU
		Release|Any CPU = Release|Any CPU
	EndGlobalSection
	GlobalSection(ProjectConfigurationPlatforms) = postSolution
		{316C5C76-D2E1-444C-9685-57D8C34D2074}.Debug|Any CPU.ActiveCfg = Debug|Any CPU
		{316C5C76-D2E1-444C-9685-57D8C34D2074}.Debug|Any CPU.Build.0 = Debug|Any CPU
		{316C5C76-D2E1-444C-9685-57D8C34D2074}.Release|Any CPU.ActiveCfg = Release|Any CPU
		{316C5C76-D2E1-444C-9685-57D8C34D2074}.Release|Any CPU.Build.0 = Release|Any CPU
	EndGlobalSection
	GlobalSection(SolutionProperties) = preSolution
		HideSolutionNode = FALSE
	EndGlobalSection
	GlobalSection(ExtensibilityGlobals) = postSolution
		SolutionGuid = {9DF1E84E-C5E7-400A-97C7-2CFF78F4F441}
	EndGlobalSection
EndGlobal
